
Microsoft Visual Studio Solution File, Format Version 12.00
# Visual Studio Version 16
VisualStudioVersion = 16.0.34601.136
MinimumVisualStudioVersion = 10.0.40219.1
Project("{FAE04EC0-301F-11D3-BF4B-00C04F79EFBC}") = "Operators-Submission-Assignment", "Operators-Submission-Assignment.csproj", "{9E190903-5EF1-4D38-8E1E-9C74ED86ECCC}"
EndProject
Global
	GlobalSection(SolutionConfigurationPlatforms) = preSolution
		Debug|Any CPU = Debug|Any CPU
		Release|Any CPU = Release|Any CPU
	EndGlobalSection
	GlobalSection(ProjectConfigurationPlatforms) = postSolution
		{9E190903-5EF1-4D38-8E1E-9C74ED86ECCC}.Debug|Any CPU.ActiveCfg = Debug|Any CPU
		{9E190903-5EF1-4D38-8E1E-9C74ED86ECCC}.Debug|Any CPU.Build.0 = Debug|Any CPU
		{9E190903-5EF1-4D38-8E1E-9C74ED86ECCC}.Release|Any CPU.ActiveCfg = Release|Any CPU
		{9E190903-5EF1-4D38-8E1E-9C74ED86ECCC}.Release|Any CPU.Build.0 = Release|Any CPU
	EndGlobalSection
	GlobalSection(SolutionProperties) = preSolution
		HideSolutionNode = FALSE
	EndGlobalSection
	GlobalSection(ExtensibilityGlobals) = postSolution
		SolutionGuid = {8AB9D736-33A4-4788-AC02-BEC88F297B6E}
	EndGlobalSection
EndGlobal
