
Microsoft Visual Studio Solution File, Format Version 12.00
# Visual Studio Version 16
VisualStudioVersion = 16.0.34601.136
MinimumVisualStudioVersion = 10.0.40219.1
Project("{FAE04EC0-301F-11D3-BF4B-00C04F79EFBC}") = "BooleanLogicAssignment", "BooleanLogicAssignment.csproj", "{0ED55029-7E99-4167-A832-349C6AB5866B}"
EndProject
Global
	GlobalSection(SolutionConfigurationPlatforms) = preSolution
		Debug|Any CPU = Debug|Any CPU
		Release|Any CPU = Release|Any CPU
	EndGlobalSection
	GlobalSection(ProjectConfigurationPlatforms) = postSolution
		{0ED55029-7E99-4167-A832-349C6AB5866B}.Debug|Any CPU.ActiveCfg = Debug|Any CPU
		{0ED55029-7E99-4167-A832-349C6AB5866B}.Debug|Any CPU.Build.0 = Debug|Any CPU
		{0ED55029-7E99-4167-A832-349C6AB5866B}.Release|Any CPU.ActiveCfg = Release|Any CPU
		{0ED55029-7E99-4167-A832-349C6AB5866B}.Release|Any CPU.Build.0 = Release|Any CPU
	EndGlobalSection
	GlobalSection(SolutionProperties) = preSolution
		HideSolutionNode = FALSE
	EndGlobalSection
	GlobalSection(ExtensibilityGlobals) = postSolution
		SolutionGuid = {5C54F001-AAAC-47E8-AE65-FA26340AD158}
	EndGlobalSection
EndGlobal
