
Microsoft Visual Studio Solution File, Format Version 12.00
# Visual Studio Version 16
VisualStudioVersion = 16.0.34601.136
MinimumVisualStudioVersion = 10.0.40219.1
Project("{FAE04EC0-301F-11D3-BF4B-00C04F79EFBC}") = "ConsoleAppAssignment6Parts", "ConsoleAppAssignment6Parts.csproj", "{513BF15B-BFE7-45B5-BDB6-CD8FC3880D56}"
EndProject
Global
	GlobalSection(SolutionConfigurationPlatforms) = preSolution
		Debug|Any CPU = Debug|Any CPU
		Release|Any CPU = Release|Any CPU
	EndGlobalSection
	GlobalSection(ProjectConfigurationPlatforms) = postSolution
		{513BF15B-BFE7-45B5-BDB6-CD8FC3880D56}.Debug|Any CPU.ActiveCfg = Debug|Any CPU
		{513BF15B-BFE7-45B5-BDB6-CD8FC3880D56}.Debug|Any CPU.Build.0 = Debug|Any CPU
		{513BF15B-BFE7-45B5-BDB6-CD8FC3880D56}.Release|Any CPU.ActiveCfg = Release|Any CPU
		{513BF15B-BFE7-45B5-BDB6-CD8FC3880D56}.Release|Any CPU.Build.0 = Release|Any CPU
	EndGlobalSection
	GlobalSection(SolutionProperties) = preSolution
		HideSolutionNode = FALSE
	EndGlobalSection
	GlobalSection(ExtensibilityGlobals) = postSolution
		SolutionGuid = {C8B119FB-5056-42DA-A812-64511AAE9B0C}
	EndGlobalSection
EndGlobal
