
Microsoft Visual Studio Solution File, Format Version 12.00
# Visual Studio Version 16
VisualStudioVersion = 16.0.34601.136
MinimumVisualStudioVersion = 10.0.40219.1
Project("{FAE04EC0-301F-11D3-BF4B-00C04F79EFBC}") = "DateTime-Assignment", "DateTime-Assignment.csproj", "{CE5644C2-3822-47E2-B340-67708B01668C}"
EndProject
Global
	GlobalSection(SolutionConfigurationPlatforms) = preSolution
		Debug|Any CPU = Debug|Any CPU
		Release|Any CPU = Release|Any CPU
	EndGlobalSection
	GlobalSection(ProjectConfigurationPlatforms) = postSolution
		{CE5644C2-3822-47E2-B340-67708B01668C}.Debug|Any CPU.ActiveCfg = Debug|Any CPU
		{CE5644C2-3822-47E2-B340-67708B01668C}.Debug|Any CPU.Build.0 = Debug|Any CPU
		{CE5644C2-3822-47E2-B340-67708B01668C}.Release|Any CPU.ActiveCfg = Release|Any CPU
		{CE5644C2-3822-47E2-B340-67708B01668C}.Release|Any CPU.Build.0 = Release|Any CPU
	EndGlobalSection
	GlobalSection(SolutionProperties) = preSolution
		HideSolutionNode = FALSE
	EndGlobalSection
	GlobalSection(ExtensibilityGlobals) = postSolution
		SolutionGuid = {F544700B-A536-4B76-A1EE-1022504154E2}
	EndGlobalSection
EndGlobal
