
Microsoft Visual Studio Solution File, Format Version 12.00
# Visual Studio Version 16
VisualStudioVersion = 16.0.34601.136
MinimumVisualStudioVersion = 10.0.40219.1
Project("{FAE04EC0-301F-11D3-BF4B-00C04F79EFBC}") = "TwentyOne", "TwentyOne.csproj", "{67C847B4-5EBB-43D8-B4C1-9F0896C2537F}"
EndProject
Project("{FAE04EC0-301F-11D3-BF4B-00C04F79EFBC}") = "Casino", "..\Casino\Casino.csproj", "{B488E098-3F3A-4772-87A8-8EAA7BE7DD69}"
EndProject
Global
	GlobalSection(SolutionConfigurationPlatforms) = preSolution
		Debug|Any CPU = Debug|Any CPU
		Release|Any CPU = Release|Any CPU
	EndGlobalSection
	GlobalSection(ProjectConfigurationPlatforms) = postSolution
		{67C847B4-5EBB-43D8-B4C1-9F0896C2537F}.Debug|Any CPU.ActiveCfg = Debug|Any CPU
		{67C847B4-5EBB-43D8-B4C1-9F0896C2537F}.Debug|Any CPU.Build.0 = Debug|Any CPU
		{67C847B4-5EBB-43D8-B4C1-9F0896C2537F}.Release|Any CPU.ActiveCfg = Release|Any CPU
		{67C847B4-5EBB-43D8-B4C1-9F0896C2537F}.Release|Any CPU.Build.0 = Release|Any CPU
		{B488E098-3F3A-4772-87A8-8EAA7BE7DD69}.Debug|Any CPU.ActiveCfg = Debug|Any CPU
		{B488E098-3F3A-4772-87A8-8EAA7BE7DD69}.Debug|Any CPU.Build.0 = Debug|Any CPU
		{B488E098-3F3A-4772-87A8-8EAA7BE7DD69}.Release|Any CPU.ActiveCfg = Release|Any CPU
		{B488E098-3F3A-4772-87A8-8EAA7BE7DD69}.Release|Any CPU.Build.0 = Release|Any CPU
	EndGlobalSection
	GlobalSection(SolutionProperties) = preSolution
		HideSolutionNode = FALSE
	EndGlobalSection
	GlobalSection(ExtensibilityGlobals) = postSolution
		SolutionGuid = {4A683D05-9DCE-4B4A-AAEA-ED149C261FD4}
	EndGlobalSection
EndGlobal
