
Microsoft Visual Studio Solution File, Format Version 12.00
# Visual Studio Version 16
VisualStudioVersion = 16.0.34601.136
MinimumVisualStudioVersion = 10.0.40219.1
Project("{FAE04EC0-301F-11D3-BF4B-00C04F79EFBC}") = "Polymorphism-Assignment", "Polymorphism-Assignment.csproj", "{C221159A-D1A4-44AD-AC73-963258C10D87}"
EndProject
Global
	GlobalSection(SolutionConfigurationPlatforms) = preSolution
		Debug|Any CPU = Debug|Any CPU
		Release|Any CPU = Release|Any CPU
	EndGlobalSection
	GlobalSection(ProjectConfigurationPlatforms) = postSolution
		{C221159A-D1A4-44AD-AC73-963258C10D87}.Debug|Any CPU.ActiveCfg = Debug|Any CPU
		{C221159A-D1A4-44AD-AC73-963258C10D87}.Debug|Any CPU.Build.0 = Debug|Any CPU
		{C221159A-D1A4-44AD-AC73-963258C10D87}.Release|Any CPU.ActiveCfg = Release|Any CPU
		{C221159A-D1A4-44AD-AC73-963258C10D87}.Release|Any CPU.Build.0 = Release|Any CPU
	EndGlobalSection
	GlobalSection(SolutionProperties) = preSolution
		HideSolutionNode = FALSE
	EndGlobalSection
	GlobalSection(ExtensibilityGlobals) = postSolution
		SolutionGuid = {2A5CC386-49E5-4EAA-AA19-8677344704E3}
	EndGlobalSection
EndGlobal
