
Microsoft Visual Studio Solution File, Format Version 12.00
# Visual Studio Version 16
VisualStudioVersion = 16.0.34601.136
MinimumVisualStudioVersion = 10.0.40219.1
Project("{FAE04EC0-301F-11D3-BF4B-00C04F79EFBC}") = "Array-Assignment", "Array-Assignment.csproj", "{600879A7-93EC-40FD-A6D3-312A210CF84C}"
EndProject
Global
	GlobalSection(SolutionConfigurationPlatforms) = preSolution
		Debug|Any CPU = Debug|Any CPU
		Release|Any CPU = Release|Any CPU
	EndGlobalSection
	GlobalSection(ProjectConfigurationPlatforms) = postSolution
		{600879A7-93EC-40FD-A6D3-312A210CF84C}.Debug|Any CPU.ActiveCfg = Debug|Any CPU
		{600879A7-93EC-40FD-A6D3-312A210CF84C}.Debug|Any CPU.Build.0 = Debug|Any CPU
		{600879A7-93EC-40FD-A6D3-312A210CF84C}.Release|Any CPU.ActiveCfg = Release|Any CPU
		{600879A7-93EC-40FD-A6D3-312A210CF84C}.Release|Any CPU.Build.0 = Release|Any CPU
	EndGlobalSection
	GlobalSection(SolutionProperties) = preSolution
		HideSolutionNode = FALSE
	EndGlobalSection
	GlobalSection(ExtensibilityGlobals) = postSolution
		SolutionGuid = {D47129E1-426A-454E-86B0-6A771EC5EC47}
	EndGlobalSection
EndGlobal
