
Microsoft Visual Studio Solution File, Format Version 12.00
# Visual Studio Version 16
VisualStudioVersion = 16.0.34601.136
MinimumVisualStudioVersion = 10.0.40219.1
Project("{F184B08F-C81C-45F6-A57F-5ABD9991F28F}") = "Final-Assignemnt-Csharp", "Final-Assignemnt-Csharp.vbproj", "{AE01C16E-427A-4931-8DC9-7CACE8E337E2}"
EndProject
Global
	GlobalSection(SolutionConfigurationPlatforms) = preSolution
		Debug|Any CPU = Debug|Any CPU
		Release|Any CPU = Release|Any CPU
	EndGlobalSection
	GlobalSection(ProjectConfigurationPlatforms) = postSolution
		{AE01C16E-427A-4931-8DC9-7CACE8E337E2}.Debug|Any CPU.ActiveCfg = Debug|Any CPU
		{AE01C16E-427A-4931-8DC9-7CACE8E337E2}.Debug|Any CPU.Build.0 = Debug|Any CPU
		{AE01C16E-427A-4931-8DC9-7CACE8E337E2}.Release|Any CPU.ActiveCfg = Release|Any CPU
		{AE01C16E-427A-4931-8DC9-7CACE8E337E2}.Release|Any CPU.Build.0 = Release|Any CPU
	EndGlobalSection
	GlobalSection(SolutionProperties) = preSolution
		HideSolutionNode = FALSE
	EndGlobalSection
	GlobalSection(ExtensibilityGlobals) = postSolution
		SolutionGuid = {C806DB19-7442-431C-9F7C-A2F6CE1B4586}
	EndGlobalSection
EndGlobal
